
Microsoft Visual Studio Solution File, Format Version 12.00
# Visual Studio Version 16
VisualStudioVersion = 16.0.30225.117
MinimumVisualStudioVersion = 10.0.40219.1
Project("{9A19103F-16F7-4668-BE54-9A1E7A4F7556}") = "CheckoutKata", "CheckoutKata\CheckoutKata.csproj", "{65C709E7-5CA2-4DD2-8339-D18084C5307F}"
EndProject
Project("{9A19103F-16F7-4668-BE54-9A1E7A4F7556}") = "CheckoutKata.Tests", "CheckoutKata.Tests\CheckoutKata.Tests.csproj", "{CA4BF532-4C28-4ACE-9458-2D4E57EE7FC5}"
EndProject
Global
	GlobalSection(SolutionConfigurationPlatforms) = preSolution
		Debug|Any CPU = Debug|Any CPU
		Release|Any CPU = Release|Any CPU
	EndGlobalSection
	GlobalSection(ProjectConfigurationPlatforms) = postSolution
		{65C709E7-5CA2-4DD2-8339-D18084C5307F}.Debug|Any CPU.ActiveCfg = Debug|Any CPU
		{65C709E7-5CA2-4DD2-8339-D18084C5307F}.Debug|Any CPU.Build.0 = Debug|Any CPU
		{65C709E7-5CA2-4DD2-8339-D18084C5307F}.Release|Any CPU.ActiveCfg = Release|Any CPU
		{65C709E7-5CA2-4DD2-8339-D18084C5307F}.Release|Any CPU.Build.0 = Release|Any CPU
		{CA4BF532-4C28-4ACE-9458-2D4E57EE7FC5}.Debug|Any CPU.ActiveCfg = Debug|Any CPU
		{CA4BF532-4C28-4ACE-9458-2D4E57EE7FC5}.Debug|Any CPU.Build.0 = Debug|Any CPU
		{CA4BF532-4C28-4ACE-9458-2D4E57EE7FC5}.Release|Any CPU.ActiveCfg = Release|Any CPU
		{CA4BF532-4C28-4ACE-9458-2D4E57EE7FC5}.Release|Any CPU.Build.0 = Release|Any CPU
	EndGlobalSection
	GlobalSection(SolutionProperties) = preSolution
		HideSolutionNode = FALSE
	EndGlobalSection
	GlobalSection(ExtensibilityGlobals) = postSolution
		SolutionGuid = {33A0C4EA-1192-462A-B296-CB0E7B8F01FB}
	EndGlobalSection
EndGlobal
